
Microsoft Visual Studio Solution File, Format Version 12.00
# Visual Studio Version 17
VisualStudioVersion = 17.5.33530.505
MinimumVisualStudioVersion = 10.0.40219.1
Project("{FAE04EC0-301F-11D3-BF4B-00C04F79EFBC}") = "ContainerAppWeatherDemo", "ContainerAppWeatherDemo\ContainerAppWeatherDemo.csproj", "{169C5469-1B13-4196-9339-04ED1573C395}"
EndProject
Project("{FAE04EC0-301F-11D3-BF4B-00C04F79EFBC}") = "WeatherWeb", "WeatherWeb\WeatherWeb.csproj", "{93C10244-B922-4F29-9B72-5AB9A194586C}"
EndProject
Global
	GlobalSection(SolutionConfigurationPlatforms) = preSolution
		Debug|Any CPU = Debug|Any CPU
		Release|Any CPU = Release|Any CPU
	EndGlobalSection
	GlobalSection(ProjectConfigurationPlatforms) = postSolution
		{169C5469-1B13-4196-9339-04ED1573C395}.Debug|Any CPU.ActiveCfg = Debug|Any CPU
		{169C5469-1B13-4196-9339-04ED1573C395}.Debug|Any CPU.Build.0 = Debug|Any CPU
		{169C5469-1B13-4196-9339-04ED1573C395}.Release|Any CPU.ActiveCfg = Release|Any CPU
		{169C5469-1B13-4196-9339-04ED1573C395}.Release|Any CPU.Build.0 = Release|Any CPU
		{93C10244-B922-4F29-9B72-5AB9A194586C}.Debug|Any CPU.ActiveCfg = Debug|Any CPU
		{93C10244-B922-4F29-9B72-5AB9A194586C}.Debug|Any CPU.Build.0 = Debug|Any CPU
		{93C10244-B922-4F29-9B72-5AB9A194586C}.Release|Any CPU.ActiveCfg = Release|Any CPU
		{93C10244-B922-4F29-9B72-5AB9A194586C}.Release|Any CPU.Build.0 = Release|Any CPU
	EndGlobalSection
	GlobalSection(SolutionProperties) = preSolution
		HideSolutionNode = FALSE
	EndGlobalSection
	GlobalSection(ExtensibilityGlobals) = postSolution
		SolutionGuid = {72909905-8DF0-4C5C-9DA7-5263D97C8616}
	EndGlobalSection
EndGlobal
